
Microsoft Visual Studio Solution File, Format Version 12.00
# Visual Studio Version 17
VisualStudioVersion = 17.9.34607.119
MinimumVisualStudioVersion = 10.0.40219.1
Project("{FAE04EC0-301F-11D3-BF4B-00C04F79EFBC}") = "WebApi", "WebApi\WebApi.csproj", "{0D3732F4-2E5E-4876-9CB7-FE64C980DD22}"
EndProject
Project("{FAE04EC0-301F-11D3-BF4B-00C04F79EFBC}") = "Business", "Business\Business.csproj", "{AE046E19-DF80-488D-92E7-B60ADD56DDDD}"
EndProject
Project("{FAE04EC0-301F-11D3-BF4B-00C04F79EFBC}") = "DataAccess", "DataAccess\DataAccess.csproj", "{63B2E29B-955F-4584-9FF8-E62613C52B14}"
EndProject
Project("{FAE04EC0-301F-11D3-BF4B-00C04F79EFBC}") = "Entities", "Entities\Entities.csproj", "{6DF4E501-AC55-4B6E-BFB3-7A4DD7830424}"
EndProject
Project("{FAE04EC0-301F-11D3-BF4B-00C04F79EFBC}") = "Core", "Core\Core.csproj", "{231E3BB7-D834-4204-A684-5346DD3247D7}"
EndProject
Global
	GlobalSection(SolutionConfigurationPlatforms) = preSolution
		Debug|Any CPU = Debug|Any CPU
		Release|Any CPU = Release|Any CPU
	EndGlobalSection
	GlobalSection(ProjectConfigurationPlatforms) = postSolution
		{0D3732F4-2E5E-4876-9CB7-FE64C980DD22}.Debug|Any CPU.ActiveCfg = Debug|Any CPU
		{0D3732F4-2E5E-4876-9CB7-FE64C980DD22}.Debug|Any CPU.Build.0 = Debug|Any CPU
		{0D3732F4-2E5E-4876-9CB7-FE64C980DD22}.Release|Any CPU.ActiveCfg = Release|Any CPU
		{0D3732F4-2E5E-4876-9CB7-FE64C980DD22}.Release|Any CPU.Build.0 = Release|Any CPU
		{AE046E19-DF80-488D-92E7-B60ADD56DDDD}.Debug|Any CPU.ActiveCfg = Debug|Any CPU
		{AE046E19-DF80-488D-92E7-B60ADD56DDDD}.Debug|Any CPU.Build.0 = Debug|Any CPU
		{AE046E19-DF80-488D-92E7-B60ADD56DDDD}.Release|Any CPU.ActiveCfg = Release|Any CPU
		{AE046E19-DF80-488D-92E7-B60ADD56DDDD}.Release|Any CPU.Build.0 = Release|Any CPU
		{63B2E29B-955F-4584-9FF8-E62613C52B14}.Debug|Any CPU.ActiveCfg = Debug|Any CPU
		{63B2E29B-955F-4584-9FF8-E62613C52B14}.Debug|Any CPU.Build.0 = Debug|Any CPU
		{63B2E29B-955F-4584-9FF8-E62613C52B14}.Release|Any CPU.ActiveCfg = Release|Any CPU
		{63B2E29B-955F-4584-9FF8-E62613C52B14}.Release|Any CPU.Build.0 = Release|Any CPU
		{6DF4E501-AC55-4B6E-BFB3-7A4DD7830424}.Debug|Any CPU.ActiveCfg = Debug|Any CPU
		{6DF4E501-AC55-4B6E-BFB3-7A4DD7830424}.Debug|Any CPU.Build.0 = Debug|Any CPU
		{6DF4E501-AC55-4B6E-BFB3-7A4DD7830424}.Release|Any CPU.ActiveCfg = Release|Any CPU
		{6DF4E501-AC55-4B6E-BFB3-7A4DD7830424}.Release|Any CPU.Build.0 = Release|Any CPU
		{231E3BB7-D834-4204-A684-5346DD3247D7}.Debug|Any CPU.ActiveCfg = Debug|Any CPU
		{231E3BB7-D834-4204-A684-5346DD3247D7}.Debug|Any CPU.Build.0 = Debug|Any CPU
		{231E3BB7-D834-4204-A684-5346DD3247D7}.Release|Any CPU.ActiveCfg = Release|Any CPU
		{231E3BB7-D834-4204-A684-5346DD3247D7}.Release|Any CPU.Build.0 = Release|Any CPU
	EndGlobalSection
	GlobalSection(SolutionProperties) = preSolution
		HideSolutionNode = FALSE
	EndGlobalSection
	GlobalSection(ExtensibilityGlobals) = postSolution
		SolutionGuid = {20F6E1C1-A56C-4673-91D9-4DCF24C19A8E}
	EndGlobalSection
EndGlobal
